
Microsoft Visual Studio Solution File, Format Version 12.00
Project("{FAE04EC0-301F-11D3-BF4B-00C04F79EFBC}") = "WebApi", "WebApi\WebApi.csproj", "{C148A138-FFFC-4EA4-9FBD-44B0C99F8C8F}"
EndProject
Global
	GlobalSection(SolutionConfigurationPlatforms) = preSolution
		Debug|Any CPU = Debug|Any CPU
		Release|Any CPU = Release|Any CPU
	EndGlobalSection
	GlobalSection(ProjectConfigurationPlatforms) = postSolution
		{C148A138-FFFC-4EA4-9FBD-44B0C99F8C8F}.Debug|Any CPU.ActiveCfg = Debug|Any CPU
		{C148A138-FFFC-4EA4-9FBD-44B0C99F8C8F}.Debug|Any CPU.Build.0 = Debug|Any CPU
		{C148A138-FFFC-4EA4-9FBD-44B0C99F8C8F}.Release|Any CPU.ActiveCfg = Release|Any CPU
		{C148A138-FFFC-4EA4-9FBD-44B0C99F8C8F}.Release|Any CPU.Build.0 = Release|Any CPU
	EndGlobalSection
EndGlobal
